# @generated by Move, please check-in and do not edit manually.

[move]
version = 3
manifest_digest = "640FBD02E03F4FE95303372D2CB7ACC158251B9378BFE6B9C521E1D942449FE6"
deps_digest = "F8BBB0CCB2491CA29A3DF03D6F92277A4F3574266507ACD77214D37ECA3F3082"
dependencies = [
  { id = "Sui", name = "Sui" },
]

[[move.package]]
id = "MoveStdlib"
source = { git = "https://github.com/MystenLabs/sui.git", rev = "041c5f2bae2fe52079e44b70514333532d69f4e6", subdir = "crates/sui-framework/packages/move-stdlib" }

[[move.package]]
id = "Sui"
source = { git = "https://github.com/MystenLabs/sui.git", rev = "041c5f2bae2fe52079e44b70514333532d69f4e6", subdir = "crates/sui-framework/packages/sui-framework" }

dependencies = [
  { id = "MoveStdlib", name = "MoveStdlib" },
]

[move.toolchain-version]
compiler-version = "1.46.2"
edition = "2024.beta"
flavor = "sui"

[env]

[env.testnet]
chain-id = "4c78adac"
original-published-id = "0xba0a3572d255d816bf30d0d8c9eb9edcd99107af6030312ac296bb971f0a59c8"
latest-published-id = "0xba0a3572d255d816bf30d0d8c9eb9edcd99107af6030312ac296bb971f0a59c8"
published-version = "1"

[env.local]
chain-id = "44d28939"
original-published-id = "0xb7c935e20f1176f1af20bbe5477fc4b226d7421ff7523ea80f22b9f02e4222ec"
latest-published-id = "0xb7c935e20f1176f1af20bbe5477fc4b226d7421ff7523ea80f22b9f02e4222ec"
published-version = "1"

[env.devnet]
chain-id = "6ee96fc3"
original-published-id = "0xfaa77f1fe8fa10f33f13f91c291b94bc4e80aae6b350f1e15b01276f746cad7f"
latest-published-id = "0xfaa77f1fe8fa10f33f13f91c291b94bc4e80aae6b350f1e15b01276f746cad7f"
published-version = "1"
