# @generated by Move, please check-in and do not edit manually.

[move]
version = 3
manifest_digest = "48C48FFB3317858DDE2D3331F68509541A1C302B10770F41DA8F679206294AB7"
deps_digest = "F8BBB0CCB2491CA29A3DF03D6F92277A4F3574266507ACD77214D37ECA3F3082"
dependencies = [
  { id = "Sui", name = "Sui" },
]

[[move.package]]
id = "MoveStdlib"
source = { git = "https://github.com/MystenLabs/sui.git", rev = "041c5f2bae2fe52079e44b70514333532d69f4e6", subdir = "crates/sui-framework/packages/move-stdlib" }

[[move.package]]
id = "Sui"
source = { git = "https://github.com/MystenLabs/sui.git", rev = "041c5f2bae2fe52079e44b70514333532d69f4e6", subdir = "crates/sui-framework/packages/sui-framework" }

dependencies = [
  { id = "MoveStdlib", name = "MoveStdlib" },
]

[move.toolchain-version]
compiler-version = "1.46.2"
edition = "2024.beta"
flavor = "sui"

[env]

[env.local]
chain-id = "44d28939"
original-published-id = "0xade1f163f246d5f2df4d3b9dffe7863b6fea81261062acfd9fd4c39e004da007"
latest-published-id = "0xade1f163f246d5f2df4d3b9dffe7863b6fea81261062acfd9fd4c39e004da007"
published-version = "1"

[env.devnet]
chain-id = "6ee96fc3"
original-published-id = "0x94c909e7f25da775d0e0192fe94736eb0dcff20da08d346772c710dee09bffc4"
latest-published-id = "0x94c909e7f25da775d0e0192fe94736eb0dcff20da08d346772c710dee09bffc4"
published-version = "1"

[env.testnet]
chain-id = "4c78adac"
original-published-id = "0xdad3fffed2df9da67d04c6813625ec9d5deff5a7c4e5c49a201deba4018fb0d3"
latest-published-id = "0xdad3fffed2df9da67d04c6813625ec9d5deff5a7c4e5c49a201deba4018fb0d3"
published-version = "1"
